
Microsoft Visual Studio Solution File, Format Version 12.00
# Visual Studio Version 17
VisualStudioVersion = 17.0.32126.317
MinimumVisualStudioVersion = 10.0.40219.1
Project("{9A19103F-16F7-4668-BE54-9A1E7A4F7556}") = "Echelon.Common", "Echelon.Common.csproj", "{C823F318-589F-472C-84BF-A5925ACCD1B0}"
EndProject
Global
	GlobalSection(SolutionConfigurationPlatforms) = preSolution
		Debug|Any CPU = Debug|Any CPU
		Release|Any CPU = Release|Any CPU
	EndGlobalSection
	GlobalSection(ProjectConfigurationPlatforms) = postSolution
		{C823F318-589F-472C-84BF-A5925ACCD1B0}.Debug|Any CPU.ActiveCfg = Debug|Any CPU
		{C823F318-589F-472C-84BF-A5925ACCD1B0}.Debug|Any CPU.Build.0 = Debug|Any CPU
		{C823F318-589F-472C-84BF-A5925ACCD1B0}.Release|Any CPU.ActiveCfg = Release|Any CPU
		{C823F318-589F-472C-84BF-A5925ACCD1B0}.Release|Any CPU.Build.0 = Release|Any CPU
	EndGlobalSection
	GlobalSection(SolutionProperties) = preSolution
		HideSolutionNode = FALSE
	EndGlobalSection
	GlobalSection(ExtensibilityGlobals) = postSolution
		SolutionGuid = {E5B1CEAD-7ABA-4FCB-BCC7-C9A33D58D18B}
	EndGlobalSection
EndGlobal
